
Microsoft Visual Studio Solution File, Format Version 12.00
# Visual Studio 15
VisualStudioVersion = 15.0.28010.2003
MinimumVisualStudioVersion = 10.0.40219.1
Project("{FAE04EC0-301F-11D3-BF4B-00C04F79EFBC}") = "RazorTest", "RazorTest\RazorTest.csproj", "{724F1CA1-0098-4131-8589-94E7318BDDBD}"
EndProject
Global
	GlobalSection(SolutionConfigurationPlatforms) = preSolution
		Debug|Any CPU = Debug|Any CPU
		Release|Any CPU = Release|Any CPU
	EndGlobalSection
	GlobalSection(ProjectConfigurationPlatforms) = postSolution
		{724F1CA1-0098-4131-8589-94E7318BDDBD}.Debug|Any CPU.ActiveCfg = Debug|Any CPU
		{724F1CA1-0098-4131-8589-94E7318BDDBD}.Debug|Any CPU.Build.0 = Debug|Any CPU
		{724F1CA1-0098-4131-8589-94E7318BDDBD}.Release|Any CPU.ActiveCfg = Release|Any CPU
		{724F1CA1-0098-4131-8589-94E7318BDDBD}.Release|Any CPU.Build.0 = Release|Any CPU
	EndGlobalSection
	GlobalSection(SolutionProperties) = preSolution
		HideSolutionNode = FALSE
	EndGlobalSection
	GlobalSection(ExtensibilityGlobals) = postSolution
		SolutionGuid = {18932E25-F080-4A0D-9330-EEC2CE83B0BC}
	EndGlobalSection
EndGlobal
